
Microsoft Visual Studio Solution File, Format Version 12.00
# Visual Studio Version 17
VisualStudioVersion = 17.6.33829.357
MinimumVisualStudioVersion = 10.0.40219.1
Project("{9A19103F-16F7-4668-BE54-9A1E7A4F7556}") = "AvaloniaXPlatExample.iOS", "AvaloniaXPlatExample.iOS\AvaloniaXPlatExample.iOS.csproj", "{877BA5C9-F03E-48D5-B141-FD5BE9618DCB}"
EndProject
Project("{6EC3EE1D-3C4E-46DD-8F32-0CC8E7565705}") = "AvaloniaXPlatExample.Web", "AvaloniaXPlatExample.Web\AvaloniaXPlatExample.Web.fsproj", "{77DCF7EA-C280-4008-AE2A-ACCCF41DE048}"
EndProject
Project("{6EC3EE1D-3C4E-46DD-8F32-0CC8E7565705}") = "AvaloniaXPlatExample.Desktop", "AvaloniaXPlatExample.Desktop\AvaloniaXPlatExample.Desktop.fsproj", "{048F4983-DD2F-4995-BC18-9A153BB5BB1C}"
EndProject
Project("{6EC3EE1D-3C4E-46DD-8F32-0CC8E7565705}") = "AvaloniaXPlatExample", "AvaloniaXPlatExample\AvaloniaXPlatExample.fsproj", "{5A09B0EB-2438-4F3A-B3DE-68C01F1477E3}"
EndProject
Project("{6EC3EE1D-3C4E-46DD-8F32-0CC8E7565705}") = "AvaloniaXPlatExample.Android", "AvaloniaXPlatExample.Android\AvaloniaXPlatExample.Android.fsproj", "{D39F707D-6EA5-48C5-A6B4-883DF5C17708}"
EndProject
Global
	GlobalSection(SolutionConfigurationPlatforms) = preSolution
		Debug|Any CPU = Debug|Any CPU
		Release|Any CPU = Release|Any CPU
	EndGlobalSection
	GlobalSection(ProjectConfigurationPlatforms) = postSolution
		{877BA5C9-F03E-48D5-B141-FD5BE9618DCB}.Debug|Any CPU.ActiveCfg = Debug|Any CPU
		{877BA5C9-F03E-48D5-B141-FD5BE9618DCB}.Debug|Any CPU.Build.0 = Debug|Any CPU
		{877BA5C9-F03E-48D5-B141-FD5BE9618DCB}.Release|Any CPU.ActiveCfg = Release|Any CPU
		{877BA5C9-F03E-48D5-B141-FD5BE9618DCB}.Release|Any CPU.Build.0 = Release|Any CPU
		{77DCF7EA-C280-4008-AE2A-ACCCF41DE048}.Debug|Any CPU.ActiveCfg = Debug|Any CPU
		{77DCF7EA-C280-4008-AE2A-ACCCF41DE048}.Debug|Any CPU.Build.0 = Debug|Any CPU
		{77DCF7EA-C280-4008-AE2A-ACCCF41DE048}.Release|Any CPU.ActiveCfg = Release|Any CPU
		{77DCF7EA-C280-4008-AE2A-ACCCF41DE048}.Release|Any CPU.Build.0 = Release|Any CPU
		{048F4983-DD2F-4995-BC18-9A153BB5BB1C}.Debug|Any CPU.ActiveCfg = Debug|Any CPU
		{048F4983-DD2F-4995-BC18-9A153BB5BB1C}.Debug|Any CPU.Build.0 = Debug|Any CPU
		{048F4983-DD2F-4995-BC18-9A153BB5BB1C}.Release|Any CPU.ActiveCfg = Release|Any CPU
		{048F4983-DD2F-4995-BC18-9A153BB5BB1C}.Release|Any CPU.Build.0 = Release|Any CPU
		{5A09B0EB-2438-4F3A-B3DE-68C01F1477E3}.Debug|Any CPU.ActiveCfg = Debug|Any CPU
		{5A09B0EB-2438-4F3A-B3DE-68C01F1477E3}.Debug|Any CPU.Build.0 = Debug|Any CPU
		{5A09B0EB-2438-4F3A-B3DE-68C01F1477E3}.Release|Any CPU.ActiveCfg = Release|Any CPU
		{5A09B0EB-2438-4F3A-B3DE-68C01F1477E3}.Release|Any CPU.Build.0 = Release|Any CPU
		{D39F707D-6EA5-48C5-A6B4-883DF5C17708}.Debug|Any CPU.ActiveCfg = Debug|Any CPU
		{D39F707D-6EA5-48C5-A6B4-883DF5C17708}.Debug|Any CPU.Build.0 = Debug|Any CPU
		{D39F707D-6EA5-48C5-A6B4-883DF5C17708}.Debug|Any CPU.Deploy.0 = Debug|Any CPU
		{D39F707D-6EA5-48C5-A6B4-883DF5C17708}.Release|Any CPU.ActiveCfg = Release|Any CPU
		{D39F707D-6EA5-48C5-A6B4-883DF5C17708}.Release|Any CPU.Build.0 = Release|Any CPU
		{D39F707D-6EA5-48C5-A6B4-883DF5C17708}.Release|Any CPU.Deploy.0 = Release|Any CPU
	EndGlobalSection
	GlobalSection(SolutionProperties) = preSolution
		HideSolutionNode = FALSE
	EndGlobalSection
	GlobalSection(ExtensibilityGlobals) = postSolution
		SolutionGuid = {0D7833E0-09FB-4D0A-9F2C-8E8AB67D9327}
	EndGlobalSection
EndGlobal
