
Microsoft Visual Studio Solution File, Format Version 12.00
# Visual Studio Version 17
VisualStudioVersion = 17.4.33205.214
MinimumVisualStudioVersion = 10.0.40219.1
Project("{6EC3EE1D-3C4E-46DD-8F32-0CC8E7565705}") = "Elmish.Avalonia", "Elmish.Avalonia\Elmish.Avalonia.fsproj", "{840ABA27-1DD1-4C5E-BCFA-B5F926F1AED2}"
EndProject
Project("{6EC3EE1D-3C4E-46DD-8F32-0CC8E7565705}") = "AvaloniaExample", "Samples\AvaloniaExample\AvaloniaExample.fsproj", "{B5F6F996-01DD-410D-9D3B-A1E91A3D5CF4}"
EndProject
Project("{2150E333-8FDC-42A3-9474-1A3956D46DE8}") = "Samples", "Samples", "{B1F3D2D8-D07C-4115-ACAD-5CD90ED1A04A}"
EndProject
Global
	GlobalSection(SolutionConfigurationPlatforms) = preSolution
		Debug|Any CPU = Debug|Any CPU
		Release|Any CPU = Release|Any CPU
	EndGlobalSection
	GlobalSection(ProjectConfigurationPlatforms) = postSolution
		{840ABA27-1DD1-4C5E-BCFA-B5F926F1AED2}.Debug|Any CPU.ActiveCfg = Debug|Any CPU
		{840ABA27-1DD1-4C5E-BCFA-B5F926F1AED2}.Debug|Any CPU.Build.0 = Debug|Any CPU
		{840ABA27-1DD1-4C5E-BCFA-B5F926F1AED2}.Release|Any CPU.ActiveCfg = Release|Any CPU
		{840ABA27-1DD1-4C5E-BCFA-B5F926F1AED2}.Release|Any CPU.Build.0 = Release|Any CPU
		{B5F6F996-01DD-410D-9D3B-A1E91A3D5CF4}.Debug|Any CPU.ActiveCfg = Debug|Any CPU
		{B5F6F996-01DD-410D-9D3B-A1E91A3D5CF4}.Debug|Any CPU.Build.0 = Debug|Any CPU
		{B5F6F996-01DD-410D-9D3B-A1E91A3D5CF4}.Release|Any CPU.ActiveCfg = Release|Any CPU
		{B5F6F996-01DD-410D-9D3B-A1E91A3D5CF4}.Release|Any CPU.Build.0 = Release|Any CPU
	EndGlobalSection
	GlobalSection(SolutionProperties) = preSolution
		HideSolutionNode = FALSE
	EndGlobalSection
	GlobalSection(NestedProjects) = preSolution
		{B5F6F996-01DD-410D-9D3B-A1E91A3D5CF4} = {B1F3D2D8-D07C-4115-ACAD-5CD90ED1A04A}
	EndGlobalSection
	GlobalSection(ExtensibilityGlobals) = postSolution
		SolutionGuid = {E4A43E5C-8FF0-434B-8C5E-AB656A275C4F}
	EndGlobalSection
EndGlobal
